
Microsoft Visual Studio Solution File, Format Version 12.00
# Visual Studio 15
VisualStudioVersion = 15.0.28307.102
MinimumVisualStudioVersion = 10.0.40219.1
Project("{9A19103F-16F7-4668-BE54-9A1E7A4F7556}") = "Homework08", "Homework08.csproj", "{4A1D052A-151F-4BE4-8C48-C6D4429B0338}"
EndProject
Project("{9A19103F-16F7-4668-BE54-9A1E7A4F7556}") = "Homework08.console", "..\Homework08.console\Homework08.console.csproj", "{1F0B3855-F567-4D58-AC62-82E0B095B72D}"
EndProject
Global
	GlobalSection(SolutionConfigurationPlatforms) = preSolution
		Debug|Any CPU = Debug|Any CPU
		Release|Any CPU = Release|Any CPU
	EndGlobalSection
	GlobalSection(ProjectConfigurationPlatforms) = postSolution
		{4A1D052A-151F-4BE4-8C48-C6D4429B0338}.Debug|Any CPU.ActiveCfg = Debug|Any CPU
		{4A1D052A-151F-4BE4-8C48-C6D4429B0338}.Debug|Any CPU.Build.0 = Debug|Any CPU
		{4A1D052A-151F-4BE4-8C48-C6D4429B0338}.Release|Any CPU.ActiveCfg = Release|Any CPU
		{4A1D052A-151F-4BE4-8C48-C6D4429B0338}.Release|Any CPU.Build.0 = Release|Any CPU
		{1F0B3855-F567-4D58-AC62-82E0B095B72D}.Debug|Any CPU.ActiveCfg = Debug|Any CPU
		{1F0B3855-F567-4D58-AC62-82E0B095B72D}.Debug|Any CPU.Build.0 = Debug|Any CPU
		{1F0B3855-F567-4D58-AC62-82E0B095B72D}.Release|Any CPU.ActiveCfg = Release|Any CPU
		{1F0B3855-F567-4D58-AC62-82E0B095B72D}.Release|Any CPU.Build.0 = Release|Any CPU
	EndGlobalSection
	GlobalSection(SolutionProperties) = preSolution
		HideSolutionNode = FALSE
	EndGlobalSection
	GlobalSection(ExtensibilityGlobals) = postSolution
		SolutionGuid = {36FDA185-2DE8-43E2-BEBE-C45D550F2C53}
	EndGlobalSection
EndGlobal
