
Microsoft Visual Studio Solution File, Format Version 12.00
# Visual Studio 15
VisualStudioVersion = 15.0.28010.2050
MinimumVisualStudioVersion = 10.0.40219.1
Project("{2150E333-8FDC-42A3-9474-1A3956D46DE8}") = "Homework1", "Homework1", "{4059565F-2CD7-4E4E-9A23-7BC48C0D59C9}"
EndProject
Project("{2150E333-8FDC-42A3-9474-1A3956D46DE8}") = "Homework2", "Homework2", "{3F3EF85D-49D8-4455-AF30-26A2089E22C5}"
EndProject
Project("{2150E333-8FDC-42A3-9474-1A3956D46DE8}") = "Homework3", "Homework3", "{C199F980-C208-455B-8609-0206007E96FD}"
EndProject
Project("{9A19103F-16F7-4668-BE54-9A1E7A4F7556}") = "Homework01.Lib", "HomeWork01\Homework01.Lib\Homework01.Lib.csproj", "{AAB7B753-A942-4DAD-908A-856A65DD60CF}"
EndProject
Project("{9A19103F-16F7-4668-BE54-9A1E7A4F7556}") = "Homework02.Lib", "HomeWork02\Homework02.Lib\Homework02.Lib.csproj", "{89B3CE07-BF7A-4AB5-9B4D-8083C03BD552}"
EndProject
Project("{9A19103F-16F7-4668-BE54-9A1E7A4F7556}") = "Homework02.Lib.Contract", "HomeWork02\Homework02.Lib.Contract\Homework02.Lib.Contract.csproj", "{7378C08A-24EE-4053-AF23-68A63A14ABE2}"
EndProject
Project("{9A19103F-16F7-4668-BE54-9A1E7A4F7556}") = "Homework02.Test", "HomeWork02\Homework02.Test\Homework02.Test.csproj", "{ADDAE682-FAD8-4371-9142-5AD2B429F770}"
EndProject
Project("{9A19103F-16F7-4668-BE54-9A1E7A4F7556}") = "Homework3.Lib", "HomeWork03\Homework3.Lib\Homework3.Lib.csproj", "{06AB49EB-A077-4DAB-9F03-23DD090F3C5A}"
EndProject
Project("{9A19103F-16F7-4668-BE54-9A1E7A4F7556}") = "Homework3.Lib.Contract", "HomeWork03\Homework3.Lib.Contract\Homework3.Lib.Contract.csproj", "{26FFB37D-F1D8-42AB-95F1-30B29A021368}"
EndProject
Project("{9A19103F-16F7-4668-BE54-9A1E7A4F7556}") = "Homework3.Test", "HomeWork03\Homework3.Test\Homework3.Test.csproj", "{600C9DD9-2440-4519-AAE5-99C44A67C8ED}"
EndProject
Project("{9A19103F-16F7-4668-BE54-9A1E7A4F7556}") = "Homework01.Lib.Contract", "HomeWork01\Homework01.Lib.Contract\Homework01.Lib.Contract.csproj", "{E19FC3DB-88A2-4D17-B780-2525474515A0}"
EndProject
Project("{9A19103F-16F7-4668-BE54-9A1E7A4F7556}") = "Homework01.Test", "HomeWork01\Homework01.Test\Homework01.Test.csproj", "{07349239-6CCC-44C0-AB60-55C9B91F69CD}"
EndProject
Project("{2150E333-8FDC-42A3-9474-1A3956D46DE8}") = "Homework4", "Homework4", "{6A480A2B-2BDE-435F-A3B8-3DDB71A2ED4C}"
EndProject
Project("{9A19103F-16F7-4668-BE54-9A1E7A4F7556}") = "Homework4.Test", "HomeWork04\Homework4.Test\Homework4.Test.csproj", "{EA0A7E6D-6E26-44D3-8434-66B87DCB4400}"
EndProject
Project("{9A19103F-16F7-4668-BE54-9A1E7A4F7556}") = "Homework4.Lib", "HomeWork04\Homework4.Lib\Homework4.Lib.csproj", "{96F41D51-5240-411C-AA6B-5D05B9ABCB7B}"
EndProject
Project("{9A19103F-16F7-4668-BE54-9A1E7A4F7556}") = "Homework4.Lib.Contract", "HomeWork04\Homework4.Lib.Contract\Homework4.Lib.Contract.csproj", "{7CFD5E11-26D8-4F16-9BF5-27A39A2DF8B8}"
EndProject
Project("{2150E333-8FDC-42A3-9474-1A3956D46DE8}") = "Homework5", "Homework5", "{2B275E4D-6B5E-4B54-9543-7F401878C858}"
EndProject
Project("{9A19103F-16F7-4668-BE54-9A1E7A4F7556}") = "Homework5.Test", "HomeWork05\Homework5.Test\Homework5.Test.csproj", "{77742691-78D3-4F0E-9018-1DC8C5DF102D}"
EndProject
Project("{9A19103F-16F7-4668-BE54-9A1E7A4F7556}") = "Homework5.Lib.Contract", "HomeWork05\Homework5.Lib.Contract\Homework5.Lib.Contract.csproj", "{4DF83602-C2B0-4AFA-84EB-975EC38C8AAD}"
EndProject
Project("{9A19103F-16F7-4668-BE54-9A1E7A4F7556}") = "Homework5.Lib", "HomeWork05\Homework5.Lib\Homework5.Lib.csproj", "{5A51A0E3-B7AC-4D19-ACDC-B957BF8C82DE}"
EndProject
Project("{9A19103F-16F7-4668-BE54-9A1E7A4F7556}") = "Homework5.Cons", "HomeWork05\Homework5.Cons\Homework5.Cons.csproj", "{44444258-5B74-4B5C-B7DA-546C76C5DD51}"
EndProject
Project("{2150E333-8FDC-42A3-9474-1A3956D46DE8}") = "Homework6", "Homework6", "{B8252F9A-D2C5-4983-9435-8F6B5C2733F2}"
EndProject
Project("{9A19103F-16F7-4668-BE54-9A1E7A4F7556}") = "Homework6.Lib", "HomeWork06\Homework6.Lib\Homework6.Lib.csproj", "{5C75021D-BF07-4DD7-A4EB-0EC7903CC085}"
EndProject
Project("{9A19103F-16F7-4668-BE54-9A1E7A4F7556}") = "Homework6.Lib.Contract", "HomeWork06\Homework6.Lib.Contract\Homework6.Lib.Contract.csproj", "{3292D42D-7169-4866-825D-ACA4C67C907F}"
EndProject
Project("{9A19103F-16F7-4668-BE54-9A1E7A4F7556}") = "Homework6.Cons", "HomeWork06\Homework6.Cons\Homework6.Cons.csproj", "{2BEA176B-8141-4F81-B692-2417F73123C9}"
EndProject
Project("{2150E333-8FDC-42A3-9474-1A3956D46DE8}") = "Homework7", "Homework7", "{4E81DC81-92DF-42EE-AE7E-42E3C1F0C44A}"
EndProject
Project("{9A19103F-16F7-4668-BE54-9A1E7A4F7556}") = "Homework7.Lib", "HomeWork07\Homework7.Lib\Homework7.Lib.csproj", "{3E301435-63F2-4535-896B-07EE79B074F2}"
EndProject
Project("{9A19103F-16F7-4668-BE54-9A1E7A4F7556}") = "Homework7.Lib.Contract", "HomeWork07\Homework7.Lib.Contract\Homework7.Lib.Contract.csproj", "{E7C4B17F-54BE-4091-AD51-71B2E4AE1966}"
EndProject
Project("{9A19103F-16F7-4668-BE54-9A1E7A4F7556}") = "Homework7.Test", "HomeWork07\Homework7.Test\Homework7.Test.csproj", "{A7659E05-48C7-471F-ACD9-10E2DDD01A4C}"
EndProject
Project("{2150E333-8FDC-42A3-9474-1A3956D46DE8}") = "Homework9", "Homework9", "{57CD060C-1EE1-4855-872C-B9F7913803AC}"
EndProject
Project("{9A19103F-16F7-4668-BE54-9A1E7A4F7556}") = "Homework9.Lib", "HomeWork09\Homework09.Lib\Homework9.Lib.csproj", "{963E3806-9650-456A-BF91-F23371F7840D}"
EndProject
Project("{9A19103F-16F7-4668-BE54-9A1E7A4F7556}") = "IHomework9.Lib.Contract", "HomeWork09\Homework09.Lib.Contract\IHomework9.Lib.Contract.csproj", "{13F913C6-A8D3-4ADD-92C1-179494137B05}"
EndProject
Project("{FAE04EC0-301F-11D3-BF4B-00C04F79EFBC}") = "Homework9.Cons", "HomeWork09\Homework9.Cons\Homework9.Cons.csproj", "{F1FB5B56-AC2B-4683-B152-10EF59D3A2CF}"
EndProject
Project("{2150E333-8FDC-42A3-9474-1A3956D46DE8}") = "Homework8", "Homework8", "{AB5E1945-D8D6-40DE-9ED7-2A11D511652B}"
EndProject
Project("{FAE04EC0-301F-11D3-BF4B-00C04F79EFBC}") = "Homework8.Lib", "HomeWork08\Homework8.Lib\Homework8.Lib.csproj", "{5335253F-9C1F-414D-922F-99D928600C31}"
EndProject
Project("{FAE04EC0-301F-11D3-BF4B-00C04F79EFBC}") = "Homework8.Lib.Contract", "HomeWork08\Homework8.Lib.Contract\Homework8.Lib.Contract.csproj", "{DC92DF2E-E715-4BB4-A40E-1DD99208C974}"
EndProject
Project("{FAE04EC0-301F-11D3-BF4B-00C04F79EFBC}") = "Homework8.Test", "HomeWork08\Homework8.Test\Homework8.Test.csproj", "{F503A512-F9F1-4E66-8300-97F1FE828FE2}"
EndProject
Global
	GlobalSection(SolutionConfigurationPlatforms) = preSolution
		Debug|Any CPU = Debug|Any CPU
		Release|Any CPU = Release|Any CPU
	EndGlobalSection
	GlobalSection(ProjectConfigurationPlatforms) = postSolution
		{AAB7B753-A942-4DAD-908A-856A65DD60CF}.Debug|Any CPU.ActiveCfg = Debug|Any CPU
		{AAB7B753-A942-4DAD-908A-856A65DD60CF}.Debug|Any CPU.Build.0 = Debug|Any CPU
		{AAB7B753-A942-4DAD-908A-856A65DD60CF}.Release|Any CPU.ActiveCfg = Release|Any CPU
		{AAB7B753-A942-4DAD-908A-856A65DD60CF}.Release|Any CPU.Build.0 = Release|Any CPU
		{89B3CE07-BF7A-4AB5-9B4D-8083C03BD552}.Debug|Any CPU.ActiveCfg = Debug|Any CPU
		{89B3CE07-BF7A-4AB5-9B4D-8083C03BD552}.Debug|Any CPU.Build.0 = Debug|Any CPU
		{89B3CE07-BF7A-4AB5-9B4D-8083C03BD552}.Release|Any CPU.ActiveCfg = Release|Any CPU
		{89B3CE07-BF7A-4AB5-9B4D-8083C03BD552}.Release|Any CPU.Build.0 = Release|Any CPU
		{7378C08A-24EE-4053-AF23-68A63A14ABE2}.Debug|Any CPU.ActiveCfg = Debug|Any CPU
		{7378C08A-24EE-4053-AF23-68A63A14ABE2}.Debug|Any CPU.Build.0 = Debug|Any CPU
		{7378C08A-24EE-4053-AF23-68A63A14ABE2}.Release|Any CPU.ActiveCfg = Release|Any CPU
		{7378C08A-24EE-4053-AF23-68A63A14ABE2}.Release|Any CPU.Build.0 = Release|Any CPU
		{ADDAE682-FAD8-4371-9142-5AD2B429F770}.Debug|Any CPU.ActiveCfg = Debug|Any CPU
		{ADDAE682-FAD8-4371-9142-5AD2B429F770}.Debug|Any CPU.Build.0 = Debug|Any CPU
		{ADDAE682-FAD8-4371-9142-5AD2B429F770}.Release|Any CPU.ActiveCfg = Release|Any CPU
		{ADDAE682-FAD8-4371-9142-5AD2B429F770}.Release|Any CPU.Build.0 = Release|Any CPU
		{06AB49EB-A077-4DAB-9F03-23DD090F3C5A}.Debug|Any CPU.ActiveCfg = Debug|Any CPU
		{06AB49EB-A077-4DAB-9F03-23DD090F3C5A}.Debug|Any CPU.Build.0 = Debug|Any CPU
		{06AB49EB-A077-4DAB-9F03-23DD090F3C5A}.Release|Any CPU.ActiveCfg = Release|Any CPU
		{06AB49EB-A077-4DAB-9F03-23DD090F3C5A}.Release|Any CPU.Build.0 = Release|Any CPU
		{26FFB37D-F1D8-42AB-95F1-30B29A021368}.Debug|Any CPU.ActiveCfg = Debug|Any CPU
		{26FFB37D-F1D8-42AB-95F1-30B29A021368}.Debug|Any CPU.Build.0 = Debug|Any CPU
		{26FFB37D-F1D8-42AB-95F1-30B29A021368}.Release|Any CPU.ActiveCfg = Release|Any CPU
		{26FFB37D-F1D8-42AB-95F1-30B29A021368}.Release|Any CPU.Build.0 = Release|Any CPU
		{600C9DD9-2440-4519-AAE5-99C44A67C8ED}.Debug|Any CPU.ActiveCfg = Debug|Any CPU
		{600C9DD9-2440-4519-AAE5-99C44A67C8ED}.Debug|Any CPU.Build.0 = Debug|Any CPU
		{600C9DD9-2440-4519-AAE5-99C44A67C8ED}.Release|Any CPU.ActiveCfg = Release|Any CPU
		{600C9DD9-2440-4519-AAE5-99C44A67C8ED}.Release|Any CPU.Build.0 = Release|Any CPU
		{E19FC3DB-88A2-4D17-B780-2525474515A0}.Debug|Any CPU.ActiveCfg = Debug|Any CPU
		{E19FC3DB-88A2-4D17-B780-2525474515A0}.Debug|Any CPU.Build.0 = Debug|Any CPU
		{E19FC3DB-88A2-4D17-B780-2525474515A0}.Release|Any CPU.ActiveCfg = Release|Any CPU
		{E19FC3DB-88A2-4D17-B780-2525474515A0}.Release|Any CPU.Build.0 = Release|Any CPU
		{07349239-6CCC-44C0-AB60-55C9B91F69CD}.Debug|Any CPU.ActiveCfg = Debug|Any CPU
		{07349239-6CCC-44C0-AB60-55C9B91F69CD}.Debug|Any CPU.Build.0 = Debug|Any CPU
		{07349239-6CCC-44C0-AB60-55C9B91F69CD}.Release|Any CPU.ActiveCfg = Release|Any CPU
		{07349239-6CCC-44C0-AB60-55C9B91F69CD}.Release|Any CPU.Build.0 = Release|Any CPU
		{EA0A7E6D-6E26-44D3-8434-66B87DCB4400}.Debug|Any CPU.ActiveCfg = Debug|Any CPU
		{EA0A7E6D-6E26-44D3-8434-66B87DCB4400}.Debug|Any CPU.Build.0 = Debug|Any CPU
		{EA0A7E6D-6E26-44D3-8434-66B87DCB4400}.Release|Any CPU.ActiveCfg = Release|Any CPU
		{EA0A7E6D-6E26-44D3-8434-66B87DCB4400}.Release|Any CPU.Build.0 = Release|Any CPU
		{96F41D51-5240-411C-AA6B-5D05B9ABCB7B}.Debug|Any CPU.ActiveCfg = Debug|Any CPU
		{96F41D51-5240-411C-AA6B-5D05B9ABCB7B}.Debug|Any CPU.Build.0 = Debug|Any CPU
		{96F41D51-5240-411C-AA6B-5D05B9ABCB7B}.Release|Any CPU.ActiveCfg = Release|Any CPU
		{96F41D51-5240-411C-AA6B-5D05B9ABCB7B}.Release|Any CPU.Build.0 = Release|Any CPU
		{7CFD5E11-26D8-4F16-9BF5-27A39A2DF8B8}.Debug|Any CPU.ActiveCfg = Debug|Any CPU
		{7CFD5E11-26D8-4F16-9BF5-27A39A2DF8B8}.Debug|Any CPU.Build.0 = Debug|Any CPU
		{7CFD5E11-26D8-4F16-9BF5-27A39A2DF8B8}.Release|Any CPU.ActiveCfg = Release|Any CPU
		{7CFD5E11-26D8-4F16-9BF5-27A39A2DF8B8}.Release|Any CPU.Build.0 = Release|Any CPU
		{77742691-78D3-4F0E-9018-1DC8C5DF102D}.Debug|Any CPU.ActiveCfg = Debug|Any CPU
		{77742691-78D3-4F0E-9018-1DC8C5DF102D}.Debug|Any CPU.Build.0 = Debug|Any CPU
		{77742691-78D3-4F0E-9018-1DC8C5DF102D}.Release|Any CPU.ActiveCfg = Release|Any CPU
		{77742691-78D3-4F0E-9018-1DC8C5DF102D}.Release|Any CPU.Build.0 = Release|Any CPU
		{4DF83602-C2B0-4AFA-84EB-975EC38C8AAD}.Debug|Any CPU.ActiveCfg = Debug|Any CPU
		{4DF83602-C2B0-4AFA-84EB-975EC38C8AAD}.Debug|Any CPU.Build.0 = Debug|Any CPU
		{4DF83602-C2B0-4AFA-84EB-975EC38C8AAD}.Release|Any CPU.ActiveCfg = Release|Any CPU
		{4DF83602-C2B0-4AFA-84EB-975EC38C8AAD}.Release|Any CPU.Build.0 = Release|Any CPU
		{5A51A0E3-B7AC-4D19-ACDC-B957BF8C82DE}.Debug|Any CPU.ActiveCfg = Debug|Any CPU
		{5A51A0E3-B7AC-4D19-ACDC-B957BF8C82DE}.Debug|Any CPU.Build.0 = Debug|Any CPU
		{5A51A0E3-B7AC-4D19-ACDC-B957BF8C82DE}.Release|Any CPU.ActiveCfg = Release|Any CPU
		{5A51A0E3-B7AC-4D19-ACDC-B957BF8C82DE}.Release|Any CPU.Build.0 = Release|Any CPU
		{44444258-5B74-4B5C-B7DA-546C76C5DD51}.Debug|Any CPU.ActiveCfg = Debug|Any CPU
		{44444258-5B74-4B5C-B7DA-546C76C5DD51}.Debug|Any CPU.Build.0 = Debug|Any CPU
		{44444258-5B74-4B5C-B7DA-546C76C5DD51}.Release|Any CPU.ActiveCfg = Release|Any CPU
		{44444258-5B74-4B5C-B7DA-546C76C5DD51}.Release|Any CPU.Build.0 = Release|Any CPU
		{5C75021D-BF07-4DD7-A4EB-0EC7903CC085}.Debug|Any CPU.ActiveCfg = Debug|Any CPU
		{5C75021D-BF07-4DD7-A4EB-0EC7903CC085}.Debug|Any CPU.Build.0 = Debug|Any CPU
		{5C75021D-BF07-4DD7-A4EB-0EC7903CC085}.Release|Any CPU.ActiveCfg = Release|Any CPU
		{5C75021D-BF07-4DD7-A4EB-0EC7903CC085}.Release|Any CPU.Build.0 = Release|Any CPU
		{3292D42D-7169-4866-825D-ACA4C67C907F}.Debug|Any CPU.ActiveCfg = Debug|Any CPU
		{3292D42D-7169-4866-825D-ACA4C67C907F}.Debug|Any CPU.Build.0 = Debug|Any CPU
		{3292D42D-7169-4866-825D-ACA4C67C907F}.Release|Any CPU.ActiveCfg = Release|Any CPU
		{3292D42D-7169-4866-825D-ACA4C67C907F}.Release|Any CPU.Build.0 = Release|Any CPU
		{2BEA176B-8141-4F81-B692-2417F73123C9}.Debug|Any CPU.ActiveCfg = Debug|Any CPU
		{2BEA176B-8141-4F81-B692-2417F73123C9}.Debug|Any CPU.Build.0 = Debug|Any CPU
		{2BEA176B-8141-4F81-B692-2417F73123C9}.Release|Any CPU.ActiveCfg = Release|Any CPU
		{2BEA176B-8141-4F81-B692-2417F73123C9}.Release|Any CPU.Build.0 = Release|Any CPU
		{3E301435-63F2-4535-896B-07EE79B074F2}.Debug|Any CPU.ActiveCfg = Debug|Any CPU
		{3E301435-63F2-4535-896B-07EE79B074F2}.Debug|Any CPU.Build.0 = Debug|Any CPU
		{3E301435-63F2-4535-896B-07EE79B074F2}.Release|Any CPU.ActiveCfg = Release|Any CPU
		{3E301435-63F2-4535-896B-07EE79B074F2}.Release|Any CPU.Build.0 = Release|Any CPU
		{E7C4B17F-54BE-4091-AD51-71B2E4AE1966}.Debug|Any CPU.ActiveCfg = Debug|Any CPU
		{E7C4B17F-54BE-4091-AD51-71B2E4AE1966}.Debug|Any CPU.Build.0 = Debug|Any CPU
		{E7C4B17F-54BE-4091-AD51-71B2E4AE1966}.Release|Any CPU.ActiveCfg = Release|Any CPU
		{E7C4B17F-54BE-4091-AD51-71B2E4AE1966}.Release|Any CPU.Build.0 = Release|Any CPU
		{A7659E05-48C7-471F-ACD9-10E2DDD01A4C}.Debug|Any CPU.ActiveCfg = Debug|Any CPU
		{A7659E05-48C7-471F-ACD9-10E2DDD01A4C}.Debug|Any CPU.Build.0 = Debug|Any CPU
		{A7659E05-48C7-471F-ACD9-10E2DDD01A4C}.Release|Any CPU.ActiveCfg = Release|Any CPU
		{A7659E05-48C7-471F-ACD9-10E2DDD01A4C}.Release|Any CPU.Build.0 = Release|Any CPU
		{963E3806-9650-456A-BF91-F23371F7840D}.Debug|Any CPU.ActiveCfg = Debug|Any CPU
		{963E3806-9650-456A-BF91-F23371F7840D}.Debug|Any CPU.Build.0 = Debug|Any CPU
		{963E3806-9650-456A-BF91-F23371F7840D}.Release|Any CPU.ActiveCfg = Release|Any CPU
		{963E3806-9650-456A-BF91-F23371F7840D}.Release|Any CPU.Build.0 = Release|Any CPU
		{13F913C6-A8D3-4ADD-92C1-179494137B05}.Debug|Any CPU.ActiveCfg = Debug|Any CPU
		{13F913C6-A8D3-4ADD-92C1-179494137B05}.Debug|Any CPU.Build.0 = Debug|Any CPU
		{13F913C6-A8D3-4ADD-92C1-179494137B05}.Release|Any CPU.ActiveCfg = Release|Any CPU
		{13F913C6-A8D3-4ADD-92C1-179494137B05}.Release|Any CPU.Build.0 = Release|Any CPU
		{F1FB5B56-AC2B-4683-B152-10EF59D3A2CF}.Debug|Any CPU.ActiveCfg = Debug|Any CPU
		{F1FB5B56-AC2B-4683-B152-10EF59D3A2CF}.Debug|Any CPU.Build.0 = Debug|Any CPU
		{F1FB5B56-AC2B-4683-B152-10EF59D3A2CF}.Release|Any CPU.ActiveCfg = Release|Any CPU
		{F1FB5B56-AC2B-4683-B152-10EF59D3A2CF}.Release|Any CPU.Build.0 = Release|Any CPU
		{5335253F-9C1F-414D-922F-99D928600C31}.Debug|Any CPU.ActiveCfg = Debug|Any CPU
		{5335253F-9C1F-414D-922F-99D928600C31}.Debug|Any CPU.Build.0 = Debug|Any CPU
		{5335253F-9C1F-414D-922F-99D928600C31}.Release|Any CPU.ActiveCfg = Release|Any CPU
		{5335253F-9C1F-414D-922F-99D928600C31}.Release|Any CPU.Build.0 = Release|Any CPU
		{DC92DF2E-E715-4BB4-A40E-1DD99208C974}.Debug|Any CPU.ActiveCfg = Debug|Any CPU
		{DC92DF2E-E715-4BB4-A40E-1DD99208C974}.Debug|Any CPU.Build.0 = Debug|Any CPU
		{DC92DF2E-E715-4BB4-A40E-1DD99208C974}.Release|Any CPU.ActiveCfg = Release|Any CPU
		{DC92DF2E-E715-4BB4-A40E-1DD99208C974}.Release|Any CPU.Build.0 = Release|Any CPU
		{F503A512-F9F1-4E66-8300-97F1FE828FE2}.Debug|Any CPU.ActiveCfg = Debug|Any CPU
		{F503A512-F9F1-4E66-8300-97F1FE828FE2}.Debug|Any CPU.Build.0 = Debug|Any CPU
		{F503A512-F9F1-4E66-8300-97F1FE828FE2}.Release|Any CPU.ActiveCfg = Release|Any CPU
		{F503A512-F9F1-4E66-8300-97F1FE828FE2}.Release|Any CPU.Build.0 = Release|Any CPU
	EndGlobalSection
	GlobalSection(SolutionProperties) = preSolution
		HideSolutionNode = FALSE
	EndGlobalSection
	GlobalSection(NestedProjects) = preSolution
		{AAB7B753-A942-4DAD-908A-856A65DD60CF} = {4059565F-2CD7-4E4E-9A23-7BC48C0D59C9}
		{89B3CE07-BF7A-4AB5-9B4D-8083C03BD552} = {3F3EF85D-49D8-4455-AF30-26A2089E22C5}
		{7378C08A-24EE-4053-AF23-68A63A14ABE2} = {3F3EF85D-49D8-4455-AF30-26A2089E22C5}
		{ADDAE682-FAD8-4371-9142-5AD2B429F770} = {3F3EF85D-49D8-4455-AF30-26A2089E22C5}
		{06AB49EB-A077-4DAB-9F03-23DD090F3C5A} = {C199F980-C208-455B-8609-0206007E96FD}
		{26FFB37D-F1D8-42AB-95F1-30B29A021368} = {C199F980-C208-455B-8609-0206007E96FD}
		{600C9DD9-2440-4519-AAE5-99C44A67C8ED} = {C199F980-C208-455B-8609-0206007E96FD}
		{E19FC3DB-88A2-4D17-B780-2525474515A0} = {4059565F-2CD7-4E4E-9A23-7BC48C0D59C9}
		{07349239-6CCC-44C0-AB60-55C9B91F69CD} = {4059565F-2CD7-4E4E-9A23-7BC48C0D59C9}
		{EA0A7E6D-6E26-44D3-8434-66B87DCB4400} = {6A480A2B-2BDE-435F-A3B8-3DDB71A2ED4C}
		{96F41D51-5240-411C-AA6B-5D05B9ABCB7B} = {6A480A2B-2BDE-435F-A3B8-3DDB71A2ED4C}
		{7CFD5E11-26D8-4F16-9BF5-27A39A2DF8B8} = {6A480A2B-2BDE-435F-A3B8-3DDB71A2ED4C}
		{77742691-78D3-4F0E-9018-1DC8C5DF102D} = {2B275E4D-6B5E-4B54-9543-7F401878C858}
		{4DF83602-C2B0-4AFA-84EB-975EC38C8AAD} = {2B275E4D-6B5E-4B54-9543-7F401878C858}
		{5A51A0E3-B7AC-4D19-ACDC-B957BF8C82DE} = {2B275E4D-6B5E-4B54-9543-7F401878C858}
		{44444258-5B74-4B5C-B7DA-546C76C5DD51} = {2B275E4D-6B5E-4B54-9543-7F401878C858}
		{5C75021D-BF07-4DD7-A4EB-0EC7903CC085} = {B8252F9A-D2C5-4983-9435-8F6B5C2733F2}
		{3292D42D-7169-4866-825D-ACA4C67C907F} = {B8252F9A-D2C5-4983-9435-8F6B5C2733F2}
		{2BEA176B-8141-4F81-B692-2417F73123C9} = {B8252F9A-D2C5-4983-9435-8F6B5C2733F2}
		{3E301435-63F2-4535-896B-07EE79B074F2} = {4E81DC81-92DF-42EE-AE7E-42E3C1F0C44A}
		{E7C4B17F-54BE-4091-AD51-71B2E4AE1966} = {4E81DC81-92DF-42EE-AE7E-42E3C1F0C44A}
		{A7659E05-48C7-471F-ACD9-10E2DDD01A4C} = {4E81DC81-92DF-42EE-AE7E-42E3C1F0C44A}
		{963E3806-9650-456A-BF91-F23371F7840D} = {57CD060C-1EE1-4855-872C-B9F7913803AC}
		{13F913C6-A8D3-4ADD-92C1-179494137B05} = {57CD060C-1EE1-4855-872C-B9F7913803AC}
		{F1FB5B56-AC2B-4683-B152-10EF59D3A2CF} = {57CD060C-1EE1-4855-872C-B9F7913803AC}
		{5335253F-9C1F-414D-922F-99D928600C31} = {AB5E1945-D8D6-40DE-9ED7-2A11D511652B}
		{DC92DF2E-E715-4BB4-A40E-1DD99208C974} = {AB5E1945-D8D6-40DE-9ED7-2A11D511652B}
		{F503A512-F9F1-4E66-8300-97F1FE828FE2} = {AB5E1945-D8D6-40DE-9ED7-2A11D511652B}
	EndGlobalSection
	GlobalSection(ExtensibilityGlobals) = postSolution
		SolutionGuid = {8D689684-1E21-4688-BA95-F66CA70603D3}
	EndGlobalSection
EndGlobal
