
Microsoft Visual Studio Solution File, Format Version 12.00
# Visual Studio 15
VisualStudioVersion = 15.0.28010.2050
MinimumVisualStudioVersion = 10.0.40219.1
Project("{FAE04EC0-301F-11D3-BF4B-00C04F79EFBC}") = "Homework 01", "Homework 01\Homework 01.csproj", "{3E5C99E6-6678-4D13-9565-5A8C6A15423F}"
EndProject
Project("{9A19103F-16F7-4668-BE54-9A1E7A4F7556}") = "HomeworkXUnit", "HomeworkXUnit\HomeworkXUnit.csproj", "{74558153-F761-44D4-8C49-E5083AD6F8F2}"
EndProject
Project("{FAE04EC0-301F-11D3-BF4B-00C04F79EFBC}") = "Homework 02", "Homework 02\Homework 02.csproj", "{7BC36527-394D-40E9-93C1-128C846B1FD0}"
EndProject
Project("{FAE04EC0-301F-11D3-BF4B-00C04F79EFBC}") = "ConsoleTester", "ConsoleTester\ConsoleTester.csproj", "{314A285A-0D7E-4EDC-9A52-59DE55108A19}"
EndProject
Project("{9A19103F-16F7-4668-BE54-9A1E7A4F7556}") = "Homework 03", "Homework 03\Homework 03.csproj", "{D9F99304-B256-43ED-8F5B-AC1857AE0C56}"
EndProject
Project("{9A19103F-16F7-4668-BE54-9A1E7A4F7556}") = "Homework 04", "Homework 04\Homework 04.csproj", "{75F54E62-C3E9-4C34-8B4C-E667DEABC45A}"
EndProject
Project("{FAE04EC0-301F-11D3-BF4B-00C04F79EFBC}") = "Homework_05", "Homework_05\Homework_05.csproj", "{FE1AD0B8-D132-43D4-B3B0-FABC79C52261}"
EndProject
Global
	GlobalSection(SolutionConfigurationPlatforms) = preSolution
		Debug|Any CPU = Debug|Any CPU
		Release|Any CPU = Release|Any CPU
	EndGlobalSection
	GlobalSection(ProjectConfigurationPlatforms) = postSolution
		{3E5C99E6-6678-4D13-9565-5A8C6A15423F}.Debug|Any CPU.ActiveCfg = Debug|Any CPU
		{3E5C99E6-6678-4D13-9565-5A8C6A15423F}.Debug|Any CPU.Build.0 = Debug|Any CPU
		{3E5C99E6-6678-4D13-9565-5A8C6A15423F}.Release|Any CPU.ActiveCfg = Release|Any CPU
		{3E5C99E6-6678-4D13-9565-5A8C6A15423F}.Release|Any CPU.Build.0 = Release|Any CPU
		{74558153-F761-44D4-8C49-E5083AD6F8F2}.Debug|Any CPU.ActiveCfg = Debug|Any CPU
		{74558153-F761-44D4-8C49-E5083AD6F8F2}.Debug|Any CPU.Build.0 = Debug|Any CPU
		{74558153-F761-44D4-8C49-E5083AD6F8F2}.Release|Any CPU.ActiveCfg = Release|Any CPU
		{74558153-F761-44D4-8C49-E5083AD6F8F2}.Release|Any CPU.Build.0 = Release|Any CPU
		{7BC36527-394D-40E9-93C1-128C846B1FD0}.Debug|Any CPU.ActiveCfg = Debug|Any CPU
		{7BC36527-394D-40E9-93C1-128C846B1FD0}.Debug|Any CPU.Build.0 = Debug|Any CPU
		{7BC36527-394D-40E9-93C1-128C846B1FD0}.Release|Any CPU.ActiveCfg = Release|Any CPU
		{7BC36527-394D-40E9-93C1-128C846B1FD0}.Release|Any CPU.Build.0 = Release|Any CPU
		{314A285A-0D7E-4EDC-9A52-59DE55108A19}.Debug|Any CPU.ActiveCfg = Debug|Any CPU
		{314A285A-0D7E-4EDC-9A52-59DE55108A19}.Debug|Any CPU.Build.0 = Debug|Any CPU
		{314A285A-0D7E-4EDC-9A52-59DE55108A19}.Release|Any CPU.ActiveCfg = Release|Any CPU
		{314A285A-0D7E-4EDC-9A52-59DE55108A19}.Release|Any CPU.Build.0 = Release|Any CPU
		{D9F99304-B256-43ED-8F5B-AC1857AE0C56}.Debug|Any CPU.ActiveCfg = Debug|Any CPU
		{D9F99304-B256-43ED-8F5B-AC1857AE0C56}.Debug|Any CPU.Build.0 = Debug|Any CPU
		{D9F99304-B256-43ED-8F5B-AC1857AE0C56}.Release|Any CPU.ActiveCfg = Release|Any CPU
		{D9F99304-B256-43ED-8F5B-AC1857AE0C56}.Release|Any CPU.Build.0 = Release|Any CPU
		{75F54E62-C3E9-4C34-8B4C-E667DEABC45A}.Debug|Any CPU.ActiveCfg = Debug|Any CPU
		{75F54E62-C3E9-4C34-8B4C-E667DEABC45A}.Debug|Any CPU.Build.0 = Debug|Any CPU
		{75F54E62-C3E9-4C34-8B4C-E667DEABC45A}.Release|Any CPU.ActiveCfg = Release|Any CPU
		{75F54E62-C3E9-4C34-8B4C-E667DEABC45A}.Release|Any CPU.Build.0 = Release|Any CPU
		{FE1AD0B8-D132-43D4-B3B0-FABC79C52261}.Debug|Any CPU.ActiveCfg = Debug|Any CPU
		{FE1AD0B8-D132-43D4-B3B0-FABC79C52261}.Debug|Any CPU.Build.0 = Debug|Any CPU
		{FE1AD0B8-D132-43D4-B3B0-FABC79C52261}.Release|Any CPU.ActiveCfg = Release|Any CPU
		{FE1AD0B8-D132-43D4-B3B0-FABC79C52261}.Release|Any CPU.Build.0 = Release|Any CPU
	EndGlobalSection
	GlobalSection(SolutionProperties) = preSolution
		HideSolutionNode = FALSE
	EndGlobalSection
	GlobalSection(ExtensibilityGlobals) = postSolution
		SolutionGuid = {5A793983-7517-4AF9-A611-0CEEA5C2E13F}
	EndGlobalSection
EndGlobal
