
Microsoft Visual Studio Solution File, Format Version 12.00
# Visual Studio 15
VisualStudioVersion = 15.0.28010.2050
MinimumVisualStudioVersion = 10.0.40219.1
Project("{FAE04EC0-301F-11D3-BF4B-00C04F79EFBC}") = "Homework 01", "Homework 01\Homework 01.csproj", "{3E5C99E6-6678-4D13-9565-5A8C6A15423F}"
EndProject
Project("{FAE04EC0-301F-11D3-BF4B-00C04F79EFBC}") = "HomeworkXUnit", "HomeworkXUnit\HomeworkXUnit.csproj", "{74558153-F761-44D4-8C49-E5083AD6F8F2}"
EndProject
Global
	GlobalSection(SolutionConfigurationPlatforms) = preSolution
		Debug|Any CPU = Debug|Any CPU
		Release|Any CPU = Release|Any CPU
	EndGlobalSection
	GlobalSection(ProjectConfigurationPlatforms) = postSolution
		{3E5C99E6-6678-4D13-9565-5A8C6A15423F}.Debug|Any CPU.ActiveCfg = Debug|Any CPU
		{3E5C99E6-6678-4D13-9565-5A8C6A15423F}.Debug|Any CPU.Build.0 = Debug|Any CPU
		{3E5C99E6-6678-4D13-9565-5A8C6A15423F}.Release|Any CPU.ActiveCfg = Release|Any CPU
		{3E5C99E6-6678-4D13-9565-5A8C6A15423F}.Release|Any CPU.Build.0 = Release|Any CPU
		{74558153-F761-44D4-8C49-E5083AD6F8F2}.Debug|Any CPU.ActiveCfg = Debug|Any CPU
		{74558153-F761-44D4-8C49-E5083AD6F8F2}.Debug|Any CPU.Build.0 = Debug|Any CPU
		{74558153-F761-44D4-8C49-E5083AD6F8F2}.Release|Any CPU.ActiveCfg = Release|Any CPU
		{74558153-F761-44D4-8C49-E5083AD6F8F2}.Release|Any CPU.Build.0 = Release|Any CPU
	EndGlobalSection
	GlobalSection(SolutionProperties) = preSolution
		HideSolutionNode = FALSE
	EndGlobalSection
	GlobalSection(ExtensibilityGlobals) = postSolution
		SolutionGuid = {5A793983-7517-4AF9-A611-0CEEA5C2E13F}
	EndGlobalSection
EndGlobal
