
Microsoft Visual Studio Solution File, Format Version 12.00
# Visual Studio 15
VisualStudioVersion = 15.0.28010.2050
MinimumVisualStudioVersion = 10.0.40219.1
Project("{2150E333-8FDC-42A3-9474-1A3956D46DE8}") = "Homework01to10", "Homework01to10", "{C49EF630-5DA8-4480-9599-6CEDD4D79D7E}"
EndProject
Project("{FAE04EC0-301F-11D3-BF4B-00C04F79EFBC}") = "Homework01", "Homework01\Homework01.csproj", "{3E5C99E6-6678-4D13-9565-5A8C6A15423F}"
EndProject
Project("{FAE04EC0-301F-11D3-BF4B-00C04F79EFBC}") = "Homework02", "Homework02\Homework02.csproj", "{7BC36527-394D-40E9-93C1-128C846B1FD0}"
EndProject
Project("{9A19103F-16F7-4668-BE54-9A1E7A4F7556}") = "Homework03", "Homework03\Homework03.csproj", "{DFBFFC40-73DD-4B73-A733-C0DC8EAD7748}"
EndProject
Project("{9A19103F-16F7-4668-BE54-9A1E7A4F7556}") = "Homework04", "Homework04\Homework04.csproj", "{573576B7-281E-4B01-BC51-EF8E0BE5E511}"
EndProject
Project("{9A19103F-16F7-4668-BE54-9A1E7A4F7556}") = "Homework05", "Homework05\Homework05.csproj", "{EB467313-AEAC-4184-BC0D-265CC02868D2}"
EndProject
Project("{9A19103F-16F7-4668-BE54-9A1E7A4F7556}") = "Homework06", "Homework06\Homework06.csproj", "{E181A625-6993-4A3B-8812-2FB7BB3451A4}"
EndProject
Project("{9A19103F-16F7-4668-BE54-9A1E7A4F7556}") = "Homework07", "Homework07\Homework07.csproj", "{1ED64F7B-ADE8-4808-B6E8-DB3B456E1557}"
EndProject
Project("{9A19103F-16F7-4668-BE54-9A1E7A4F7556}") = "Homework08", "Homework08\Homework08.csproj", "{C8167DE1-9CA3-4A4B-BFD9-DA2A7548829B}"
EndProject
Project("{9A19103F-16F7-4668-BE54-9A1E7A4F7556}") = "Homework09", "Homework09\Homework09.csproj", "{E6093EB0-97EC-4E18-973D-29523CCDA91B}"
EndProject
Project("{9A19103F-16F7-4668-BE54-9A1E7A4F7556}") = "Homework10", "Homework10\Homework10.csproj", "{3F3C39CF-5827-497F-9AEE-CC5A4736C134}"
EndProject
Project("{9A19103F-16F7-4668-BE54-9A1E7A4F7556}") = "Homework11", "Homework11\Homework11.csproj", "{B6D1392A-059A-4056-A81E-7061EDF9D40C}"
EndProject
Project("{FAE04EC0-301F-11D3-BF4B-00C04F79EFBC}") = "ConsoleTester", "ConsoleTester\ConsoleTester.csproj", "{314A285A-0D7E-4EDC-9A52-59DE55108A19}"
EndProject
Project("{9A19103F-16F7-4668-BE54-9A1E7A4F7556}") = "HomeworkXUnit", "HomeworkXUnit\HomeworkXUnit.csproj", "{7FFFD1C0-BF4B-488F-98B5-2B3DE0714F30}"
EndProject
Project("{FAE04EC0-301F-11D3-BF4B-00C04F79EFBC}") = "Homework12", "Homework12\Homework12.csproj", "{E3D64833-E577-418F-BA6E-0D3AEE9F2497}"
EndProject
Global
	GlobalSection(SolutionConfigurationPlatforms) = preSolution
		Debug|Any CPU = Debug|Any CPU
		Release|Any CPU = Release|Any CPU
	EndGlobalSection
	GlobalSection(ProjectConfigurationPlatforms) = postSolution
		{3E5C99E6-6678-4D13-9565-5A8C6A15423F}.Debug|Any CPU.ActiveCfg = Debug|Any CPU
		{3E5C99E6-6678-4D13-9565-5A8C6A15423F}.Debug|Any CPU.Build.0 = Debug|Any CPU
		{3E5C99E6-6678-4D13-9565-5A8C6A15423F}.Release|Any CPU.ActiveCfg = Release|Any CPU
		{3E5C99E6-6678-4D13-9565-5A8C6A15423F}.Release|Any CPU.Build.0 = Release|Any CPU
		{7BC36527-394D-40E9-93C1-128C846B1FD0}.Debug|Any CPU.ActiveCfg = Debug|Any CPU
		{7BC36527-394D-40E9-93C1-128C846B1FD0}.Debug|Any CPU.Build.0 = Debug|Any CPU
		{7BC36527-394D-40E9-93C1-128C846B1FD0}.Release|Any CPU.ActiveCfg = Release|Any CPU
		{7BC36527-394D-40E9-93C1-128C846B1FD0}.Release|Any CPU.Build.0 = Release|Any CPU
		{DFBFFC40-73DD-4B73-A733-C0DC8EAD7748}.Debug|Any CPU.ActiveCfg = Debug|Any CPU
		{DFBFFC40-73DD-4B73-A733-C0DC8EAD7748}.Debug|Any CPU.Build.0 = Debug|Any CPU
		{DFBFFC40-73DD-4B73-A733-C0DC8EAD7748}.Release|Any CPU.ActiveCfg = Release|Any CPU
		{DFBFFC40-73DD-4B73-A733-C0DC8EAD7748}.Release|Any CPU.Build.0 = Release|Any CPU
		{573576B7-281E-4B01-BC51-EF8E0BE5E511}.Debug|Any CPU.ActiveCfg = Debug|Any CPU
		{573576B7-281E-4B01-BC51-EF8E0BE5E511}.Debug|Any CPU.Build.0 = Debug|Any CPU
		{573576B7-281E-4B01-BC51-EF8E0BE5E511}.Release|Any CPU.ActiveCfg = Release|Any CPU
		{573576B7-281E-4B01-BC51-EF8E0BE5E511}.Release|Any CPU.Build.0 = Release|Any CPU
		{EB467313-AEAC-4184-BC0D-265CC02868D2}.Debug|Any CPU.ActiveCfg = Debug|Any CPU
		{EB467313-AEAC-4184-BC0D-265CC02868D2}.Debug|Any CPU.Build.0 = Debug|Any CPU
		{EB467313-AEAC-4184-BC0D-265CC02868D2}.Release|Any CPU.ActiveCfg = Release|Any CPU
		{EB467313-AEAC-4184-BC0D-265CC02868D2}.Release|Any CPU.Build.0 = Release|Any CPU
		{E181A625-6993-4A3B-8812-2FB7BB3451A4}.Debug|Any CPU.ActiveCfg = Debug|Any CPU
		{E181A625-6993-4A3B-8812-2FB7BB3451A4}.Debug|Any CPU.Build.0 = Debug|Any CPU
		{E181A625-6993-4A3B-8812-2FB7BB3451A4}.Release|Any CPU.ActiveCfg = Release|Any CPU
		{E181A625-6993-4A3B-8812-2FB7BB3451A4}.Release|Any CPU.Build.0 = Release|Any CPU
		{1ED64F7B-ADE8-4808-B6E8-DB3B456E1557}.Debug|Any CPU.ActiveCfg = Debug|Any CPU
		{1ED64F7B-ADE8-4808-B6E8-DB3B456E1557}.Debug|Any CPU.Build.0 = Debug|Any CPU
		{1ED64F7B-ADE8-4808-B6E8-DB3B456E1557}.Release|Any CPU.ActiveCfg = Release|Any CPU
		{1ED64F7B-ADE8-4808-B6E8-DB3B456E1557}.Release|Any CPU.Build.0 = Release|Any CPU
		{C8167DE1-9CA3-4A4B-BFD9-DA2A7548829B}.Debug|Any CPU.ActiveCfg = Debug|Any CPU
		{C8167DE1-9CA3-4A4B-BFD9-DA2A7548829B}.Debug|Any CPU.Build.0 = Debug|Any CPU
		{C8167DE1-9CA3-4A4B-BFD9-DA2A7548829B}.Release|Any CPU.ActiveCfg = Release|Any CPU
		{C8167DE1-9CA3-4A4B-BFD9-DA2A7548829B}.Release|Any CPU.Build.0 = Release|Any CPU
		{E6093EB0-97EC-4E18-973D-29523CCDA91B}.Debug|Any CPU.ActiveCfg = Debug|Any CPU
		{E6093EB0-97EC-4E18-973D-29523CCDA91B}.Debug|Any CPU.Build.0 = Debug|Any CPU
		{E6093EB0-97EC-4E18-973D-29523CCDA91B}.Release|Any CPU.ActiveCfg = Release|Any CPU
		{E6093EB0-97EC-4E18-973D-29523CCDA91B}.Release|Any CPU.Build.0 = Release|Any CPU
		{3F3C39CF-5827-497F-9AEE-CC5A4736C134}.Debug|Any CPU.ActiveCfg = Debug|Any CPU
		{3F3C39CF-5827-497F-9AEE-CC5A4736C134}.Debug|Any CPU.Build.0 = Debug|Any CPU
		{3F3C39CF-5827-497F-9AEE-CC5A4736C134}.Release|Any CPU.ActiveCfg = Release|Any CPU
		{3F3C39CF-5827-497F-9AEE-CC5A4736C134}.Release|Any CPU.Build.0 = Release|Any CPU
		{B6D1392A-059A-4056-A81E-7061EDF9D40C}.Debug|Any CPU.ActiveCfg = Debug|Any CPU
		{B6D1392A-059A-4056-A81E-7061EDF9D40C}.Debug|Any CPU.Build.0 = Debug|Any CPU
		{B6D1392A-059A-4056-A81E-7061EDF9D40C}.Release|Any CPU.ActiveCfg = Release|Any CPU
		{B6D1392A-059A-4056-A81E-7061EDF9D40C}.Release|Any CPU.Build.0 = Release|Any CPU
		{314A285A-0D7E-4EDC-9A52-59DE55108A19}.Debug|Any CPU.ActiveCfg = Debug|Any CPU
		{314A285A-0D7E-4EDC-9A52-59DE55108A19}.Debug|Any CPU.Build.0 = Debug|Any CPU
		{314A285A-0D7E-4EDC-9A52-59DE55108A19}.Release|Any CPU.ActiveCfg = Release|Any CPU
		{314A285A-0D7E-4EDC-9A52-59DE55108A19}.Release|Any CPU.Build.0 = Release|Any CPU
		{7FFFD1C0-BF4B-488F-98B5-2B3DE0714F30}.Debug|Any CPU.ActiveCfg = Debug|Any CPU
		{7FFFD1C0-BF4B-488F-98B5-2B3DE0714F30}.Debug|Any CPU.Build.0 = Debug|Any CPU
		{7FFFD1C0-BF4B-488F-98B5-2B3DE0714F30}.Release|Any CPU.ActiveCfg = Release|Any CPU
		{7FFFD1C0-BF4B-488F-98B5-2B3DE0714F30}.Release|Any CPU.Build.0 = Release|Any CPU
		{E3D64833-E577-418F-BA6E-0D3AEE9F2497}.Debug|Any CPU.ActiveCfg = Debug|Any CPU
		{E3D64833-E577-418F-BA6E-0D3AEE9F2497}.Debug|Any CPU.Build.0 = Debug|Any CPU
		{E3D64833-E577-418F-BA6E-0D3AEE9F2497}.Release|Any CPU.ActiveCfg = Release|Any CPU
		{E3D64833-E577-418F-BA6E-0D3AEE9F2497}.Release|Any CPU.Build.0 = Release|Any CPU
	EndGlobalSection
	GlobalSection(SolutionProperties) = preSolution
		HideSolutionNode = FALSE
	EndGlobalSection
	GlobalSection(NestedProjects) = preSolution
		{3E5C99E6-6678-4D13-9565-5A8C6A15423F} = {C49EF630-5DA8-4480-9599-6CEDD4D79D7E}
		{7BC36527-394D-40E9-93C1-128C846B1FD0} = {C49EF630-5DA8-4480-9599-6CEDD4D79D7E}
		{DFBFFC40-73DD-4B73-A733-C0DC8EAD7748} = {C49EF630-5DA8-4480-9599-6CEDD4D79D7E}
		{573576B7-281E-4B01-BC51-EF8E0BE5E511} = {C49EF630-5DA8-4480-9599-6CEDD4D79D7E}
		{EB467313-AEAC-4184-BC0D-265CC02868D2} = {C49EF630-5DA8-4480-9599-6CEDD4D79D7E}
		{E181A625-6993-4A3B-8812-2FB7BB3451A4} = {C49EF630-5DA8-4480-9599-6CEDD4D79D7E}
		{1ED64F7B-ADE8-4808-B6E8-DB3B456E1557} = {C49EF630-5DA8-4480-9599-6CEDD4D79D7E}
		{C8167DE1-9CA3-4A4B-BFD9-DA2A7548829B} = {C49EF630-5DA8-4480-9599-6CEDD4D79D7E}
		{E6093EB0-97EC-4E18-973D-29523CCDA91B} = {C49EF630-5DA8-4480-9599-6CEDD4D79D7E}
		{3F3C39CF-5827-497F-9AEE-CC5A4736C134} = {C49EF630-5DA8-4480-9599-6CEDD4D79D7E}
	EndGlobalSection
	GlobalSection(ExtensibilityGlobals) = postSolution
		SolutionGuid = {5A793983-7517-4AF9-A611-0CEEA5C2E13F}
	EndGlobalSection
EndGlobal
