
Microsoft Visual Studio Solution File, Format Version 12.00
# Visual Studio 15
VisualStudioVersion = 15.0.28010.2050
MinimumVisualStudioVersion = 10.0.40219.1
Project("{9A19103F-16F7-4668-BE54-9A1E7A4F7556}") = "TextMultiplier", "TextMultiplier.csproj", "{AA066F3F-2253-478F-B1FD-9EFE0A5D7551}"
EndProject
Project("{FAE04EC0-301F-11D3-BF4B-00C04F79EFBC}") = "TextMultiplier.test", "..\TextMultiplier.test\TextMultiplier.test.csproj", "{184E2291-3500-48CA-9A79-66759E3225B6}"
EndProject
Project("{FAE04EC0-301F-11D3-BF4B-00C04F79EFBC}") = "TextMultiplierConsole", "TextMultiplierConsole\TextMultiplierConsole.csproj", "{F66DF61A-6C16-40E0-85C6-B60D92B30C22}"
EndProject
Global
	GlobalSection(SolutionConfigurationPlatforms) = preSolution
		Debug|Any CPU = Debug|Any CPU
		Release|Any CPU = Release|Any CPU
	EndGlobalSection
	GlobalSection(ProjectConfigurationPlatforms) = postSolution
		{AA066F3F-2253-478F-B1FD-9EFE0A5D7551}.Debug|Any CPU.ActiveCfg = Debug|Any CPU
		{AA066F3F-2253-478F-B1FD-9EFE0A5D7551}.Debug|Any CPU.Build.0 = Debug|Any CPU
		{AA066F3F-2253-478F-B1FD-9EFE0A5D7551}.Release|Any CPU.ActiveCfg = Release|Any CPU
		{AA066F3F-2253-478F-B1FD-9EFE0A5D7551}.Release|Any CPU.Build.0 = Release|Any CPU
		{184E2291-3500-48CA-9A79-66759E3225B6}.Debug|Any CPU.ActiveCfg = Debug|Any CPU
		{184E2291-3500-48CA-9A79-66759E3225B6}.Debug|Any CPU.Build.0 = Debug|Any CPU
		{184E2291-3500-48CA-9A79-66759E3225B6}.Release|Any CPU.ActiveCfg = Release|Any CPU
		{184E2291-3500-48CA-9A79-66759E3225B6}.Release|Any CPU.Build.0 = Release|Any CPU
		{F66DF61A-6C16-40E0-85C6-B60D92B30C22}.Debug|Any CPU.ActiveCfg = Debug|Any CPU
		{F66DF61A-6C16-40E0-85C6-B60D92B30C22}.Debug|Any CPU.Build.0 = Debug|Any CPU
		{F66DF61A-6C16-40E0-85C6-B60D92B30C22}.Release|Any CPU.ActiveCfg = Release|Any CPU
		{F66DF61A-6C16-40E0-85C6-B60D92B30C22}.Release|Any CPU.Build.0 = Release|Any CPU
	EndGlobalSection
	GlobalSection(SolutionProperties) = preSolution
		HideSolutionNode = FALSE
	EndGlobalSection
	GlobalSection(ExtensibilityGlobals) = postSolution
		SolutionGuid = {FDED8D1C-A55F-41C4-AC45-AEBA36DE1B5F}
	EndGlobalSection
EndGlobal
