
Microsoft Visual Studio Solution File, Format Version 12.00
# Visual Studio 15
VisualStudioVersion = 15.0.28010.2050
MinimumVisualStudioVersion = 10.0.40219.1
Project("{9A19103F-16F7-4668-BE54-9A1E7A4F7556}") = "TextMultiplier", "TextMultiplier.csproj", "{AA066F3F-2253-478F-B1FD-9EFE0A5D7551}"
EndProject
Global
	GlobalSection(SolutionConfigurationPlatforms) = preSolution
		Debug|Any CPU = Debug|Any CPU
		Release|Any CPU = Release|Any CPU
	EndGlobalSection
	GlobalSection(ProjectConfigurationPlatforms) = postSolution
		{AA066F3F-2253-478F-B1FD-9EFE0A5D7551}.Debug|Any CPU.ActiveCfg = Debug|Any CPU
		{AA066F3F-2253-478F-B1FD-9EFE0A5D7551}.Debug|Any CPU.Build.0 = Debug|Any CPU
		{AA066F3F-2253-478F-B1FD-9EFE0A5D7551}.Release|Any CPU.ActiveCfg = Release|Any CPU
		{AA066F3F-2253-478F-B1FD-9EFE0A5D7551}.Release|Any CPU.Build.0 = Release|Any CPU
	EndGlobalSection
	GlobalSection(SolutionProperties) = preSolution
		HideSolutionNode = FALSE
	EndGlobalSection
	GlobalSection(ExtensibilityGlobals) = postSolution
		SolutionGuid = {FDED8D1C-A55F-41C4-AC45-AEBA36DE1B5F}
	EndGlobalSection
EndGlobal
