
Microsoft Visual Studio Solution File, Format Version 12.00
# Visual Studio 15
VisualStudioVersion = 15.0.28307.136
MinimumVisualStudioVersion = 10.0.40219.1
Project("{9A19103F-16F7-4668-BE54-9A1E7A4F7556}") = "Homework13", "Homework13.csproj", "{1BD59CDD-97AA-4DA3-8612-3A468B1DC5E8}"
EndProject
Project("{FAE04EC0-301F-11D3-BF4B-00C04F79EFBC}") = "Homework13.test", "..\Homework13.test\Homework13.test.csproj", "{1444299B-9940-41F6-90E5-BEE223004F91}"
EndProject
Global
	GlobalSection(SolutionConfigurationPlatforms) = preSolution
		Debug|Any CPU = Debug|Any CPU
		Release|Any CPU = Release|Any CPU
	EndGlobalSection
	GlobalSection(ProjectConfigurationPlatforms) = postSolution
		{1BD59CDD-97AA-4DA3-8612-3A468B1DC5E8}.Debug|Any CPU.ActiveCfg = Debug|Any CPU
		{1BD59CDD-97AA-4DA3-8612-3A468B1DC5E8}.Debug|Any CPU.Build.0 = Debug|Any CPU
		{1BD59CDD-97AA-4DA3-8612-3A468B1DC5E8}.Release|Any CPU.ActiveCfg = Release|Any CPU
		{1BD59CDD-97AA-4DA3-8612-3A468B1DC5E8}.Release|Any CPU.Build.0 = Release|Any CPU
		{1444299B-9940-41F6-90E5-BEE223004F91}.Debug|Any CPU.ActiveCfg = Debug|Any CPU
		{1444299B-9940-41F6-90E5-BEE223004F91}.Debug|Any CPU.Build.0 = Debug|Any CPU
		{1444299B-9940-41F6-90E5-BEE223004F91}.Release|Any CPU.ActiveCfg = Release|Any CPU
		{1444299B-9940-41F6-90E5-BEE223004F91}.Release|Any CPU.Build.0 = Release|Any CPU
	EndGlobalSection
	GlobalSection(SolutionProperties) = preSolution
		HideSolutionNode = FALSE
	EndGlobalSection
	GlobalSection(ExtensibilityGlobals) = postSolution
		SolutionGuid = {FA145480-3CC8-4F0D-884A-26120082592F}
	EndGlobalSection
EndGlobal
