
Microsoft Visual Studio Solution File, Format Version 12.00
# Visual Studio 15
VisualStudioVersion = 15.0.28307.102
MinimumVisualStudioVersion = 10.0.40219.1
Project("{9A19103F-16F7-4668-BE54-9A1E7A4F7556}") = "Homework09", "Homework09.csproj", "{12A559B2-D5B6-417E-914F-FDDCD455D5A2}"
EndProject
Project("{FAE04EC0-301F-11D3-BF4B-00C04F79EFBC}") = "Homework09.console", "Homework09.console\Homework09.console.csproj", "{10157C22-7776-4354-8D0D-815F1BC5B568}"
EndProject
Global
	GlobalSection(SolutionConfigurationPlatforms) = preSolution
		Debug|Any CPU = Debug|Any CPU
		Release|Any CPU = Release|Any CPU
	EndGlobalSection
	GlobalSection(ProjectConfigurationPlatforms) = postSolution
		{12A559B2-D5B6-417E-914F-FDDCD455D5A2}.Debug|Any CPU.ActiveCfg = Debug|Any CPU
		{12A559B2-D5B6-417E-914F-FDDCD455D5A2}.Debug|Any CPU.Build.0 = Debug|Any CPU
		{12A559B2-D5B6-417E-914F-FDDCD455D5A2}.Release|Any CPU.ActiveCfg = Release|Any CPU
		{12A559B2-D5B6-417E-914F-FDDCD455D5A2}.Release|Any CPU.Build.0 = Release|Any CPU
		{10157C22-7776-4354-8D0D-815F1BC5B568}.Debug|Any CPU.ActiveCfg = Debug|Any CPU
		{10157C22-7776-4354-8D0D-815F1BC5B568}.Debug|Any CPU.Build.0 = Debug|Any CPU
		{10157C22-7776-4354-8D0D-815F1BC5B568}.Release|Any CPU.ActiveCfg = Release|Any CPU
		{10157C22-7776-4354-8D0D-815F1BC5B568}.Release|Any CPU.Build.0 = Release|Any CPU
	EndGlobalSection
	GlobalSection(SolutionProperties) = preSolution
		HideSolutionNode = FALSE
	EndGlobalSection
	GlobalSection(ExtensibilityGlobals) = postSolution
		SolutionGuid = {86AF82FA-58D4-4E0E-AD3F-2CC3E2BB7919}
	EndGlobalSection
EndGlobal
