
Microsoft Visual Studio Solution File, Format Version 12.00
# Visual Studio 15
VisualStudioVersion = 15.0.28306.52
MinimumVisualStudioVersion = 10.0.40219.1
Project("{9A19103F-16F7-4668-BE54-9A1E7A4F7556}") = "DivisibleBy5Text", "DivisibleBy5Text.csproj", "{D3F8C517-1F72-4C5B-AF6E-0E3A7EB7B869}"
EndProject
Project("{FAE04EC0-301F-11D3-BF4B-00C04F79EFBC}") = "DivisibleBy5Text.test", "..\DivisibleBy5Text.test\DivisibleBy5Text.test.csproj", "{3B4E3D6F-4ACB-49BF-A2F8-ABA866BC4820}"
EndProject
Project("{FAE04EC0-301F-11D3-BF4B-00C04F79EFBC}") = "DivisibleBy5Text.console", "DivisibleBy5Text.console\DivisibleBy5Text.console.csproj", "{79558E51-E60C-4A01-A1A6-818943425072}"
EndProject
Global
	GlobalSection(SolutionConfigurationPlatforms) = preSolution
		Debug|Any CPU = Debug|Any CPU
		Release|Any CPU = Release|Any CPU
	EndGlobalSection
	GlobalSection(ProjectConfigurationPlatforms) = postSolution
		{D3F8C517-1F72-4C5B-AF6E-0E3A7EB7B869}.Debug|Any CPU.ActiveCfg = Debug|Any CPU
		{D3F8C517-1F72-4C5B-AF6E-0E3A7EB7B869}.Debug|Any CPU.Build.0 = Debug|Any CPU
		{D3F8C517-1F72-4C5B-AF6E-0E3A7EB7B869}.Release|Any CPU.ActiveCfg = Release|Any CPU
		{D3F8C517-1F72-4C5B-AF6E-0E3A7EB7B869}.Release|Any CPU.Build.0 = Release|Any CPU
		{3B4E3D6F-4ACB-49BF-A2F8-ABA866BC4820}.Debug|Any CPU.ActiveCfg = Debug|Any CPU
		{3B4E3D6F-4ACB-49BF-A2F8-ABA866BC4820}.Debug|Any CPU.Build.0 = Debug|Any CPU
		{3B4E3D6F-4ACB-49BF-A2F8-ABA866BC4820}.Release|Any CPU.ActiveCfg = Release|Any CPU
		{3B4E3D6F-4ACB-49BF-A2F8-ABA866BC4820}.Release|Any CPU.Build.0 = Release|Any CPU
		{79558E51-E60C-4A01-A1A6-818943425072}.Debug|Any CPU.ActiveCfg = Debug|Any CPU
		{79558E51-E60C-4A01-A1A6-818943425072}.Debug|Any CPU.Build.0 = Debug|Any CPU
		{79558E51-E60C-4A01-A1A6-818943425072}.Release|Any CPU.ActiveCfg = Release|Any CPU
		{79558E51-E60C-4A01-A1A6-818943425072}.Release|Any CPU.Build.0 = Release|Any CPU
	EndGlobalSection
	GlobalSection(SolutionProperties) = preSolution
		HideSolutionNode = FALSE
	EndGlobalSection
	GlobalSection(ExtensibilityGlobals) = postSolution
		SolutionGuid = {0F055051-4C5F-49B3-B5E4-0353359B527F}
	EndGlobalSection
EndGlobal
