
Microsoft Visual Studio Solution File, Format Version 12.00
# Visual Studio 15
VisualStudioVersion = 15.0.27703.2026
MinimumVisualStudioVersion = 10.0.40219.1
Project("{FAE04EC0-301F-11D3-BF4B-00C04F79EFBC}") = "HW07.lib", "HW07.lib\HW07.lib.csproj", "{35BA9A80-BD51-44FD-BA2E-F7A17F73E07D}"
EndProject
Project("{FAE04EC0-301F-11D3-BF4B-00C04F79EFBC}") = "HW07.lib.Contract", "HW07.lib.Contract\HW07.lib.Contract.csproj", "{D4C8831A-B07D-45DB-864D-146BEE2953F6}"
EndProject
Project("{FAE04EC0-301F-11D3-BF4B-00C04F79EFBC}") = "Homework07", "Homework07\Homework07.csproj", "{A8C177F9-7FDD-48C9-A449-FE9F07D66E2A}"
EndProject
Global
	GlobalSection(SolutionConfigurationPlatforms) = preSolution
		Debug|Any CPU = Debug|Any CPU
		Release|Any CPU = Release|Any CPU
	EndGlobalSection
	GlobalSection(ProjectConfigurationPlatforms) = postSolution
		{35BA9A80-BD51-44FD-BA2E-F7A17F73E07D}.Debug|Any CPU.ActiveCfg = Debug|Any CPU
		{35BA9A80-BD51-44FD-BA2E-F7A17F73E07D}.Debug|Any CPU.Build.0 = Debug|Any CPU
		{35BA9A80-BD51-44FD-BA2E-F7A17F73E07D}.Release|Any CPU.ActiveCfg = Release|Any CPU
		{35BA9A80-BD51-44FD-BA2E-F7A17F73E07D}.Release|Any CPU.Build.0 = Release|Any CPU
		{D4C8831A-B07D-45DB-864D-146BEE2953F6}.Debug|Any CPU.ActiveCfg = Debug|Any CPU
		{D4C8831A-B07D-45DB-864D-146BEE2953F6}.Debug|Any CPU.Build.0 = Debug|Any CPU
		{D4C8831A-B07D-45DB-864D-146BEE2953F6}.Release|Any CPU.ActiveCfg = Release|Any CPU
		{D4C8831A-B07D-45DB-864D-146BEE2953F6}.Release|Any CPU.Build.0 = Release|Any CPU
		{A8C177F9-7FDD-48C9-A449-FE9F07D66E2A}.Debug|Any CPU.ActiveCfg = Debug|Any CPU
		{A8C177F9-7FDD-48C9-A449-FE9F07D66E2A}.Debug|Any CPU.Build.0 = Debug|Any CPU
		{A8C177F9-7FDD-48C9-A449-FE9F07D66E2A}.Release|Any CPU.ActiveCfg = Release|Any CPU
		{A8C177F9-7FDD-48C9-A449-FE9F07D66E2A}.Release|Any CPU.Build.0 = Release|Any CPU
	EndGlobalSection
	GlobalSection(SolutionProperties) = preSolution
		HideSolutionNode = FALSE
	EndGlobalSection
	GlobalSection(ExtensibilityGlobals) = postSolution
		SolutionGuid = {55F2D283-28B1-4CAD-A69A-D413F464DE23}
	EndGlobalSection
EndGlobal
