
Microsoft Visual Studio Solution File, Format Version 12.00
# Visual Studio 15
VisualStudioVersion = 15.0.28307.102
MinimumVisualStudioVersion = 10.0.40219.1
Project("{9A19103F-16F7-4668-BE54-9A1E7A4F7556}") = "HomeWork05", "HomeWork05.csproj", "{C9BE9F8F-EA5C-470A-8ED7-7CCE32B410F3}"
EndProject
Project("{FAE04EC0-301F-11D3-BF4B-00C04F79EFBC}") = "HomeWork05.test", "..\HomeWork05.test\HomeWork05.test.csproj", "{AF223B1E-9323-4902-B69E-79F82F8BC2D9}"
EndProject
Project("{FAE04EC0-301F-11D3-BF4B-00C04F79EFBC}") = "HomeWork05.console", "HomeWork05.console\HomeWork05.console.csproj", "{9F9F81E6-A68A-4FEC-8183-49D68EF7554E}"
EndProject
Global
	GlobalSection(SolutionConfigurationPlatforms) = preSolution
		Debug|Any CPU = Debug|Any CPU
		Release|Any CPU = Release|Any CPU
	EndGlobalSection
	GlobalSection(ProjectConfigurationPlatforms) = postSolution
		{C9BE9F8F-EA5C-470A-8ED7-7CCE32B410F3}.Debug|Any CPU.ActiveCfg = Debug|Any CPU
		{C9BE9F8F-EA5C-470A-8ED7-7CCE32B410F3}.Debug|Any CPU.Build.0 = Debug|Any CPU
		{C9BE9F8F-EA5C-470A-8ED7-7CCE32B410F3}.Release|Any CPU.ActiveCfg = Release|Any CPU
		{C9BE9F8F-EA5C-470A-8ED7-7CCE32B410F3}.Release|Any CPU.Build.0 = Release|Any CPU
		{AF223B1E-9323-4902-B69E-79F82F8BC2D9}.Debug|Any CPU.ActiveCfg = Debug|Any CPU
		{AF223B1E-9323-4902-B69E-79F82F8BC2D9}.Debug|Any CPU.Build.0 = Debug|Any CPU
		{AF223B1E-9323-4902-B69E-79F82F8BC2D9}.Release|Any CPU.ActiveCfg = Release|Any CPU
		{AF223B1E-9323-4902-B69E-79F82F8BC2D9}.Release|Any CPU.Build.0 = Release|Any CPU
		{9F9F81E6-A68A-4FEC-8183-49D68EF7554E}.Debug|Any CPU.ActiveCfg = Debug|Any CPU
		{9F9F81E6-A68A-4FEC-8183-49D68EF7554E}.Debug|Any CPU.Build.0 = Debug|Any CPU
		{9F9F81E6-A68A-4FEC-8183-49D68EF7554E}.Release|Any CPU.ActiveCfg = Release|Any CPU
		{9F9F81E6-A68A-4FEC-8183-49D68EF7554E}.Release|Any CPU.Build.0 = Release|Any CPU
	EndGlobalSection
	GlobalSection(SolutionProperties) = preSolution
		HideSolutionNode = FALSE
	EndGlobalSection
	GlobalSection(ExtensibilityGlobals) = postSolution
		SolutionGuid = {AC7F50E2-F0EC-4D1A-901B-02F006CF963B}
	EndGlobalSection
EndGlobal
