
Microsoft Visual Studio Solution File, Format Version 12.00
# Visual Studio 15
VisualStudioVersion = 15.0.28307.136
MinimumVisualStudioVersion = 10.0.40219.1
Project("{9A19103F-16F7-4668-BE54-9A1E7A4F7556}") = "Homework14", "Homework14.csproj", "{F174A763-9D1D-42D7-BA13-FE8C099F08DA}"
EndProject
Project("{FAE04EC0-301F-11D3-BF4B-00C04F79EFBC}") = "Homework14.console", "..\Homework14.console\Homework14.console.csproj", "{D3D2A956-B9FC-4435-BE77-B727CC44DCB1}"
EndProject
Global
	GlobalSection(SolutionConfigurationPlatforms) = preSolution
		Debug|Any CPU = Debug|Any CPU
		Release|Any CPU = Release|Any CPU
	EndGlobalSection
	GlobalSection(ProjectConfigurationPlatforms) = postSolution
		{F174A763-9D1D-42D7-BA13-FE8C099F08DA}.Debug|Any CPU.ActiveCfg = Debug|Any CPU
		{F174A763-9D1D-42D7-BA13-FE8C099F08DA}.Debug|Any CPU.Build.0 = Debug|Any CPU
		{F174A763-9D1D-42D7-BA13-FE8C099F08DA}.Release|Any CPU.ActiveCfg = Release|Any CPU
		{F174A763-9D1D-42D7-BA13-FE8C099F08DA}.Release|Any CPU.Build.0 = Release|Any CPU
		{D3D2A956-B9FC-4435-BE77-B727CC44DCB1}.Debug|Any CPU.ActiveCfg = Debug|Any CPU
		{D3D2A956-B9FC-4435-BE77-B727CC44DCB1}.Debug|Any CPU.Build.0 = Debug|Any CPU
		{D3D2A956-B9FC-4435-BE77-B727CC44DCB1}.Release|Any CPU.ActiveCfg = Release|Any CPU
		{D3D2A956-B9FC-4435-BE77-B727CC44DCB1}.Release|Any CPU.Build.0 = Release|Any CPU
	EndGlobalSection
	GlobalSection(SolutionProperties) = preSolution
		HideSolutionNode = FALSE
	EndGlobalSection
	GlobalSection(ExtensibilityGlobals) = postSolution
		SolutionGuid = {FD57DFFC-B051-4EE5-877D-E3CDBE6A5616}
	EndGlobalSection
EndGlobal
